{
    "_readme": [
        "This file locks the dependencies of your project to a known state",
        "Read more about it at https://getcomposer.org/doc/01-basic-usage.md#installing-dependencies",
        "This file is @generated automatically"
    ],
    "content-hash": "f652d660f7f5fd9d160825493875326b",
    "packages": [
        {
            "name": "php/phd",
            "version": "dev-master",
            "source": {
                "type": "git",
                "url": "https://github.com/php/phd.git",
                "reference": "785fec0bd5d88819bbf1dc4b6f9a3be64bd99cea"
            },
            "dist": {
                "type": "zip",
                "url": "https://api.github.com/repos/php/phd/zipball/785fec0bd5d88819bbf1dc4b6f9a3be64bd99cea",
                "reference": "785fec0bd5d88819bbf1dc4b6f9a3be64bd99cea",
                "shasum": ""
            },
            "require": {
                "ext-dom": "*",
                "ext-sqlite3": "*",
                "ext-xmlreader": "*",
                "php": ">=5.3.0"
            },
            "suggest": {
                "easybook/geshi": "For using GeSHi as code highlighter"
            },
            "default-branch": true,
            "type": "project",
            "autoload": {
                "psr-0": {
                    "phpdotnet\\": "."
                }
            },
            "notification-url": "https://packagist.org/downloads/",
            "license": [
                "MIT"
            ],
            "authors": [
                {
                    "name": "Hannes Magnusson",
                    "email": "bjori@php.net",
                    "homepage": "http://people.php.net/bjori",
                    "role": "Lead Developer"
                },
                {
                    "name": "The PHP Documentation Team",
                    "email": "phpdoc@lists.php.net",
                    "homepage": "https://github.com/php/phd/graphs/contributors"
                }
            ],
            "description": "PHP DocBook Rendering System",
            "homepage": "http://doc.php.net/phd.php",
            "support": {
                "issues": "https://github.com/php/phd/issues",
                "source": "https://github.com/php/phd/tree/master"
            },
            "time": "2021-01-04T11:48:44+00:00"
        }
    ],
    "packages-dev": [],
    "aliases": [],
    "minimum-stability": "stable",
    "stability-flags": {
        "php/phd": 20
    },
    "prefer-stable": false,
    "prefer-lowest": false,
    "platform": [],
    "platform-dev": [],
    "plugin-api-version": "2.0.0"
}
